// !$*UTF8*$!
{
	archiveVersion = 1;
	classes = {
	};
	objectVersion = 46;
	objects = {

/* Begin PBXBuildFile section */
		22EB3AD61E29F02D0079C34C /* AppDelegate.swift in Sources */ = {isa = PBXBuildFile; fileRef = 22EB3AD51E29F02D0079C34C /* AppDelegate.swift */; };
		22EB3AD81E29F02D0079C34C /* ViewController.swift in Sources */ = {isa = PBXBuildFile; fileRef = 22EB3AD71E29F02D0079C34C /* ViewController.swift */; };
		22EB3ADB1E29F02D0079C34C /* Main.storyboard in Resources */ = {isa = PBXBuildFile; fileRef = 22EB3AD91E29F02D0079C34C /* Main.storyboard */; };
		22EB3ADD1E29F02D0079C34C /* Assets.xcassets in Resources */ = {isa = PBXBuildFile; fileRef = 22EB3ADC1E29F02D0079C34C /* Assets.xcassets */; };
		22EB3AE01E29F02D0079C34C /* LaunchScreen.storyboard in Resources */ = {isa = PBXBuildFile; fileRef = 22EB3ADE1E29F02D0079C34C /* LaunchScreen.storyboard */; };
		22EB3AEB1E29F02D0079C34C /* HapQTests.swift in Sources */ = {isa = PBXBuildFile; fileRef = 22EB3AEA1E29F02D0079C34C /* HapQTests.swift */; };
		22EB3AF61E29F02D0079C34C /* HapQUITests.swift in Sources */ = {isa = PBXBuildFile; fileRef = 22EB3AF51E29F02D0079C34C /* HapQUITests.swift */; };
		22EB3B041E29FEEB0079C34C /* HomeViewController.swift in Sources */ = {isa = PBXBuildFile; fileRef = 22EB3B031E29FEEB0079C34C /* HomeViewController.swift */; };
		22EB3B061E29FF010079C34C /* CalendarViewController.swift in Sources */ = {isa = PBXBuildFile; fileRef = 22EB3B051E29FF010079C34C /* CalendarViewController.swift */; };
		22EB3B1B1E2A94B10079C34C /* BarChartFormatter.swift in Sources */ = {isa = PBXBuildFile; fileRef = 22EB3B1A1E2A94B10079C34C /* BarChartFormatter.swift */; };
		22EB3B2A1E2ABB980079C34C /* MoodViewController.swift in Sources */ = {isa = PBXBuildFile; fileRef = 22EB3B291E2ABB980079C34C /* MoodViewController.swift */; };
		22EB3B361E2AC5FC0079C34C /* Cabin-SemiBoldItalic.otf in Resources */ = {isa = PBXBuildFile; fileRef = 22EB3B2E1E2AC5FC0079C34C /* Cabin-SemiBoldItalic.otf */; };
		22EB3B371E2AC5FC0079C34C /* Cabin-SemiBold.otf in Resources */ = {isa = PBXBuildFile; fileRef = 22EB3B2F1E2AC5FC0079C34C /* Cabin-SemiBold.otf */; };
		22EB3B381E2AC5FC0079C34C /* Cabin-Regular.otf in Resources */ = {isa = PBXBuildFile; fileRef = 22EB3B301E2AC5FC0079C34C /* Cabin-Regular.otf */; };
		22EB3B391E2AC5FC0079C34C /* Cabin-MediumItalic.otf in Resources */ = {isa = PBXBuildFile; fileRef = 22EB3B311E2AC5FC0079C34C /* Cabin-MediumItalic.otf */; };
		22EB3B3A1E2AC5FC0079C34C /* Cabin-Medium.otf in Resources */ = {isa = PBXBuildFile; fileRef = 22EB3B321E2AC5FC0079C34C /* Cabin-Medium.otf */; };
		22EB3B3B1E2AC5FC0079C34C /* Cabin-Italic.otf in Resources */ = {isa = PBXBuildFile; fileRef = 22EB3B331E2AC5FC0079C34C /* Cabin-Italic.otf */; };
		22EB3B3C1E2AC5FC0079C34C /* Cabin-BoldItalic.otf in Resources */ = {isa = PBXBuildFile; fileRef = 22EB3B341E2AC5FC0079C34C /* Cabin-BoldItalic.otf */; };
		22EB3B3D1E2AC5FC0079C34C /* Cabin-Bold.otf in Resources */ = {isa = PBXBuildFile; fileRef = 22EB3B351E2AC5FC0079C34C /* Cabin-Bold.otf */; };
		22EB3B431E2AE3950079C34C /* File.swift in Sources */ = {isa = PBXBuildFile; fileRef = 22EB3B421E2AE3950079C34C /* File.swift */; };
/* End PBXBuildFile section */

/* Begin PBXContainerItemProxy section */
		22EB3AE71E29F02D0079C34C /* PBXContainerItemProxy */ = {
			isa = PBXContainerItemProxy;
			containerPortal = 22EB3ACA1E29F02D0079C34C /* Project object */;
			proxyType = 1;
			remoteGlobalIDString = 22EB3AD11E29F02D0079C34C;
			remoteInfo = HapQ;
		};
		22EB3AF21E29F02D0079C34C /* PBXContainerItemProxy */ = {
			isa = PBXContainerItemProxy;
			containerPortal = 22EB3ACA1E29F02D0079C34C /* Project object */;
			proxyType = 1;
			remoteGlobalIDString = 22EB3AD11E29F02D0079C34C;
			remoteInfo = HapQ;
		};
		22EB3B211E2AA86A0079C34C /* PBXContainerItemProxy */ = {
			isa = PBXContainerItemProxy;
			containerPortal = 22EB3B071E2A4EFF0079C34C /* Charts.xcodeproj */;
			proxyType = 2;
			remoteGlobalIDString = 06165F241D8110E600722320;
			remoteInfo = Charts;
		};
		22EB3B231E2AA86A0079C34C /* PBXContainerItemProxy */ = {
			isa = PBXContainerItemProxy;
			containerPortal = 22EB3B071E2A4EFF0079C34C /* Charts.xcodeproj */;
			proxyType = 2;
			remoteGlobalIDString = 06B120D51D811E6200D14B02;
			remoteInfo = ChartsRealm;
		};
		22EB3B251E2AA86A0079C34C /* PBXContainerItemProxy */ = {
			isa = PBXContainerItemProxy;
			containerPortal = 22EB3B071E2A4EFF0079C34C /* Charts.xcodeproj */;
			proxyType = 2;
			remoteGlobalIDString = 06165F2E1D8110E600722320;
			remoteInfo = ChartsTests;
		};
/* End PBXContainerItemProxy section */

/* Begin PBXCopyFilesBuildPhase section */
		22EB3B171E2A4F640079C34C /* Embed Frameworks */ = {
			isa = PBXCopyFilesBuildPhase;
			buildActionMask = 2147483647;
			dstPath = "";
			dstSubfolderSpec = 10;
			files = (
			);
			name = "Embed Frameworks";
			runOnlyForDeploymentPostprocessing = 0;
		};
/* End PBXCopyFilesBuildPhase section */

/* Begin PBXFileReference section */
		22EB3AD21E29F02D0079C34C /* HapQ.app */ = {isa = PBXFileReference; explicitFileType = wrapper.application; includeInIndex = 0; path = HapQ.app; sourceTree = BUILT_PRODUCTS_DIR; };
		22EB3AD51E29F02D0079C34C /* AppDelegate.swift */ = {isa = PBXFileReference; lastKnownFileType = sourcecode.swift; path = AppDelegate.swift; sourceTree = "<group>"; };
		22EB3AD71E29F02D0079C34C /* ViewController.swift */ = {isa = PBXFileReference; lastKnownFileType = sourcecode.swift; path = ViewController.swift; sourceTree = "<group>"; };
		22EB3ADA1E29F02D0079C34C /* Base */ = {isa = PBXFileReference; lastKnownFileType = file.storyboard; name = Base; path = Base.lproj/Main.storyboard; sourceTree = "<group>"; };
		22EB3ADC1E29F02D0079C34C /* Assets.xcassets */ = {isa = PBXFileReference; lastKnownFileType = folder.assetcatalog; path = Assets.xcassets; sourceTree = "<group>"; };
		22EB3ADF1E29F02D0079C34C /* Base */ = {isa = PBXFileReference; lastKnownFileType = file.storyboard; name = Base; path = Base.lproj/LaunchScreen.storyboard; sourceTree = "<group>"; };
		22EB3AE11E29F02D0079C34C /* Info.plist */ = {isa = PBXFileReference; lastKnownFileType = text.plist.xml; path = Info.plist; sourceTree = "<group>"; };
		22EB3AE61E29F02D0079C34C /* HapQTests.xctest */ = {isa = PBXFileReference; explicitFileType = wrapper.cfbundle; includeInIndex = 0; path = HapQTests.xctest; sourceTree = BUILT_PRODUCTS_DIR; };
		22EB3AEA1E29F02D0079C34C /* HapQTests.swift */ = {isa = PBXFileReference; lastKnownFileType = sourcecode.swift; path = HapQTests.swift; sourceTree = "<group>"; };
		22EB3AEC1E29F02D0079C34C /* Info.plist */ = {isa = PBXFileReference; lastKnownFileType = text.plist.xml; path = Info.plist; sourceTree = "<group>"; };
		22EB3AF11E29F02D0079C34C /* HapQUITests.xctest */ = {isa = PBXFileReference; explicitFileType = wrapper.cfbundle; includeInIndex = 0; path = HapQUITests.xctest; sourceTree = BUILT_PRODUCTS_DIR; };
		22EB3AF51E29F02D0079C34C /* HapQUITests.swift */ = {isa = PBXFileReference; lastKnownFileType = sourcecode.swift; path = HapQUITests.swift; sourceTree = "<group>"; };
		22EB3AF71E29F02D0079C34C /* Info.plist */ = {isa = PBXFileReference; lastKnownFileType = text.plist.xml; path = Info.plist; sourceTree = "<group>"; };
		22EB3B031E29FEEB0079C34C /* HomeViewController.swift */ = {isa = PBXFileReference; fileEncoding = 4; lastKnownFileType = sourcecode.swift; path = HomeViewController.swift; sourceTree = "<group>"; };
		22EB3B051E29FF010079C34C /* CalendarViewController.swift */ = {isa = PBXFileReference; fileEncoding = 4; lastKnownFileType = sourcecode.swift; path = CalendarViewController.swift; sourceTree = "<group>"; };
		22EB3B071E2A4EFF0079C34C /* Charts.xcodeproj */ = {isa = PBXFileReference; lastKnownFileType = "wrapper.pb-project"; name = Charts.xcodeproj; path = ../Charts.xcodeproj; sourceTree = "<group>"; };
		22EB3B1A1E2A94B10079C34C /* BarChartFormatter.swift */ = {isa = PBXFileReference; fileEncoding = 4; lastKnownFileType = sourcecode.swift; path = BarChartFormatter.swift; sourceTree = "<group>"; };
		22EB3B291E2ABB980079C34C /* MoodViewController.swift */ = {isa = PBXFileReference; fileEncoding = 4; lastKnownFileType = sourcecode.swift; path = MoodViewController.swift; sourceTree = "<group>"; };
		22EB3B2E1E2AC5FC0079C34C /* Cabin-SemiBoldItalic.otf */ = {isa = PBXFileReference; lastKnownFileType = file; name = "Cabin-SemiBoldItalic.otf"; path = "../../cabin/Cabin-SemiBoldItalic.otf"; sourceTree = "<group>"; };
		22EB3B2F1E2AC5FC0079C34C /* Cabin-SemiBold.otf */ = {isa = PBXFileReference; lastKnownFileType = file; name = "Cabin-SemiBold.otf"; path = "../../cabin/Cabin-SemiBold.otf"; sourceTree = "<group>"; };
		22EB3B301E2AC5FC0079C34C /* Cabin-Regular.otf */ = {isa = PBXFileReference; lastKnownFileType = file; name = "Cabin-Regular.otf"; path = "../../cabin/Cabin-Regular.otf"; sourceTree = "<group>"; };
		22EB3B311E2AC5FC0079C34C /* Cabin-MediumItalic.otf */ = {isa = PBXFileReference; lastKnownFileType = file; name = "Cabin-MediumItalic.otf"; path = "../../cabin/Cabin-MediumItalic.otf"; sourceTree = "<group>"; };
		22EB3B321E2AC5FC0079C34C /* Cabin-Medium.otf */ = {isa = PBXFileReference; lastKnownFileType = file; name = "Cabin-Medium.otf"; path = "../../cabin/Cabin-Medium.otf"; sourceTree = "<group>"; };
		22EB3B331E2AC5FC0079C34C /* Cabin-Italic.otf */ = {isa = PBXFileReference; lastKnownFileType = file; name = "Cabin-Italic.otf"; path = "../../cabin/Cabin-Italic.otf"; sourceTree = "<group>"; };
		22EB3B341E2AC5FC0079C34C /* Cabin-BoldItalic.otf */ = {isa = PBXFileReference; lastKnownFileType = file; name = "Cabin-BoldItalic.otf"; path = "../../cabin/Cabin-BoldItalic.otf"; sourceTree = "<group>"; };
		22EB3B351E2AC5FC0079C34C /* Cabin-Bold.otf */ = {isa = PBXFileReference; lastKnownFileType = file; name = "Cabin-Bold.otf"; path = "../../cabin/Cabin-Bold.otf"; sourceTree = "<group>"; };
		22EB3B421E2AE3950079C34C /* File.swift */ = {isa = PBXFileReference; fileEncoding = 4; lastKnownFileType = sourcecode.swift; path = File.swift; sourceTree = "<group>"; };
/* End PBXFileReference section */

/* Begin PBXFrameworksBuildPhase section */
		22EB3ACF1E29F02D0079C34C /* Frameworks */ = {
			isa = PBXFrameworksBuildPhase;
			buildActionMask = 2147483647;
			files = (
			);
			runOnlyForDeploymentPostprocessing = 0;
		};
		22EB3AE31E29F02D0079C34C /* Frameworks */ = {
			isa = PBXFrameworksBuildPhase;
			buildActionMask = 2147483647;
			files = (
			);
			runOnlyForDeploymentPostprocessing = 0;
		};
		22EB3AEE1E29F02D0079C34C /* Frameworks */ = {
			isa = PBXFrameworksBuildPhase;
			buildActionMask = 2147483647;
			files = (
			);
			runOnlyForDeploymentPostprocessing = 0;
		};
/* End PBXFrameworksBuildPhase section */

/* Begin PBXGroup section */
		22EB3AC91E29F02D0079C34C = {
			isa = PBXGroup;
			children = (
				22EB3B071E2A4EFF0079C34C /* Charts.xcodeproj */,
				22EB3AD41E29F02D0079C34C /* HapQ */,
				22EB3AE91E29F02D0079C34C /* HapQTests */,
				22EB3AF41E29F02D0079C34C /* HapQUITests */,
				22EB3AD31E29F02D0079C34C /* Products */,
			);
			sourceTree = "<group>";
		};
		22EB3AD31E29F02D0079C34C /* Products */ = {
			isa = PBXGroup;
			children = (
				22EB3AD21E29F02D0079C34C /* HapQ.app */,
				22EB3AE61E29F02D0079C34C /* HapQTests.xctest */,
				22EB3AF11E29F02D0079C34C /* HapQUITests.xctest */,
			);
			name = Products;
			sourceTree = "<group>";
		};
		22EB3AD41E29F02D0079C34C /* HapQ */ = {
			isa = PBXGroup;
			children = (
				22EB3AD51E29F02D0079C34C /* AppDelegate.swift */,
				22EB3B1A1E2A94B10079C34C /* BarChartFormatter.swift */,
				22EB3B031E29FEEB0079C34C /* HomeViewController.swift */,
				22EB3B051E29FF010079C34C /* CalendarViewController.swift */,
				22EB3AD71E29F02D0079C34C /* ViewController.swift */,
				22EB3B291E2ABB980079C34C /* MoodViewController.swift */,
				22EB3AD91E29F02D0079C34C /* Main.storyboard */,
				22EB3B421E2AE3950079C34C /* File.swift */,
				22EB3B2E1E2AC5FC0079C34C /* Cabin-SemiBoldItalic.otf */,
				22EB3B2F1E2AC5FC0079C34C /* Cabin-SemiBold.otf */,
				22EB3B301E2AC5FC0079C34C /* Cabin-Regular.otf */,
				22EB3B311E2AC5FC0079C34C /* Cabin-MediumItalic.otf */,
				22EB3B321E2AC5FC0079C34C /* Cabin-Medium.otf */,
				22EB3B331E2AC5FC0079C34C /* Cabin-Italic.otf */,
				22EB3B341E2AC5FC0079C34C /* Cabin-BoldItalic.otf */,
				22EB3B351E2AC5FC0079C34C /* Cabin-Bold.otf */,
				22EB3ADC1E29F02D0079C34C /* Assets.xcassets */,
				22EB3ADE1E29F02D0079C34C /* LaunchScreen.storyboard */,
				22EB3AE11E29F02D0079C34C /* Info.plist */,
			);
			path = HapQ;
			sourceTree = "<group>";
		};
		22EB3AE91E29F02D0079C34C /* HapQTests */ = {
			isa = PBXGroup;
			children = (
				22EB3AEA1E29F02D0079C34C /* HapQTests.swift */,
				22EB3AEC1E29F02D0079C34C /* Info.plist */,
			);
			path = HapQTests;
			sourceTree = "<group>";
		};
		22EB3AF41E29F02D0079C34C /* HapQUITests */ = {
			isa = PBXGroup;
			children = (
				22EB3AF51E29F02D0079C34C /* HapQUITests.swift */,
				22EB3AF71E29F02D0079C34C /* Info.plist */,
			);
			path = HapQUITests;
			sourceTree = "<group>";
		};
		22EB3B1C1E2AA86A0079C34C /* Products */ = {
			isa = PBXGroup;
			children = (
				22EB3B221E2AA86A0079C34C /* Charts.framework */,
				22EB3B241E2AA86A0079C34C /* ChartsRealm.framework */,
				22EB3B261E2AA86A0079C34C /* ChartsTests.xctest */,
			);
			name = Products;
			sourceTree = "<group>";
		};
/* End PBXGroup section */

/* Begin PBXNativeTarget section */
		22EB3AD11E29F02D0079C34C /* HapQ */ = {
			isa = PBXNativeTarget;
			buildConfigurationList = 22EB3AFA1E29F02D0079C34C /* Build configuration list for PBXNativeTarget "HapQ" */;
			buildPhases = (
				22EB3ACE1E29F02D0079C34C /* Sources */,
				22EB3ACF1E29F02D0079C34C /* Frameworks */,
				22EB3AD01E29F02D0079C34C /* Resources */,
				22EB3B171E2A4F640079C34C /* Embed Frameworks */,
			);
			buildRules = (
			);
			dependencies = (
			);
			name = HapQ;
			productName = HapQ;
			productReference = 22EB3AD21E29F02D0079C34C /* HapQ.app */;
			productType = "com.apple.product-type.application";
		};
		22EB3AE51E29F02D0079C34C /* HapQTests */ = {
			isa = PBXNativeTarget;
			buildConfigurationList = 22EB3AFD1E29F02D0079C34C /* Build configuration list for PBXNativeTarget "HapQTests" */;
			buildPhases = (
				22EB3AE21E29F02D0079C34C /* Sources */,
				22EB3AE31E29F02D0079C34C /* Frameworks */,
				22EB3AE41E29F02D0079C34C /* Resources */,
			);
			buildRules = (
			);
			dependencies = (
				22EB3AE81E29F02D0079C34C /* PBXTargetDependency */,
			);
			name = HapQTests;
			productName = HapQTests;
			productReference = 22EB3AE61E29F02D0079C34C /* HapQTests.xctest */;
			productType = "com.apple.product-type.bundle.unit-test";
		};
		22EB3AF01E29F02D0079C34C /* HapQUITests */ = {
			isa = PBXNativeTarget;
			buildConfigurationList = 22EB3B001E29F02D0079C34C /* Build configuration list for PBXNativeTarget "HapQUITests" */;
			buildPhases = (
				22EB3AED1E29F02D0079C34C /* Sources */,
				22EB3AEE1E29F02D0079C34C /* Frameworks */,
				22EB3AEF1E29F02D0079C34C /* Resources */,
			);
			buildRules = (
			);
			dependencies = (
				22EB3AF31E29F02D0079C34C /* PBXTargetDependency */,
			);
			name = HapQUITests;
			productName = HapQUITests;
			productReference = 22EB3AF11E29F02D0079C34C /* HapQUITests.xctest */;
			productType = "com.apple.product-type.bundle.ui-testing";
		};
/* End PBXNativeTarget section */

/* Begin PBXProject section */
		22EB3ACA1E29F02D0079C34C /* Project object */ = {
			isa = PBXProject;
			attributes = {
				LastSwiftUpdateCheck = 0820;
				LastUpgradeCheck = 0820;
				ORGANIZATIONNAME = "Samuel Wang";
				TargetAttributes = {
					22EB3AD11E29F02D0079C34C = {
						CreatedOnToolsVersion = 8.2.1;
						ProvisioningStyle = Automatic;
					};
					22EB3AE51E29F02D0079C34C = {
						CreatedOnToolsVersion = 8.2.1;
						ProvisioningStyle = Automatic;
						TestTargetID = 22EB3AD11E29F02D0079C34C;
					};
					22EB3AF01E29F02D0079C34C = {
						CreatedOnToolsVersion = 8.2.1;
						ProvisioningStyle = Automatic;
						TestTargetID = 22EB3AD11E29F02D0079C34C;
					};
				};
			};
			buildConfigurationList = 22EB3ACD1E29F02D0079C34C /* Build configuration list for PBXProject "HapQ" */;
			compatibilityVersion = "Xcode 3.2";
			developmentRegion = English;
			hasScannedForEncodings = 0;
			knownRegions = (
				en,
				Base,
			);
			mainGroup = 22EB3AC91E29F02D0079C34C;
			productRefGroup = 22EB3AD31E29F02D0079C34C /* Products */;
			projectDirPath = "";
			projectReferences = (
				{
					ProductGroup = 22EB3B1C1E2AA86A0079C34C /* Products */;
					ProjectRef = 22EB3B071E2A4EFF0079C34C /* Charts.xcodeproj */;
				},
			);
			projectRoot = "";
			targets = (
				22EB3AD11E29F02D0079C34C /* HapQ */,
				22EB3AE51E29F02D0079C34C /* HapQTests */,
				22EB3AF01E29F02D0079C34C /* HapQUITests */,
			);
		};
/* End PBXProject section */

/* Begin PBXReferenceProxy section */
		22EB3B221E2AA86A0079C34C /* Charts.framework */ = {
			isa = PBXReferenceProxy;
			fileType = wrapper.framework;
			path = Charts.framework;
			remoteRef = 22EB3B211E2AA86A0079C34C /* PBXContainerItemProxy */;
			sourceTree = BUILT_PRODUCTS_DIR;
		};
		22EB3B241E2AA86A0079C34C /* ChartsRealm.framework */ = {
			isa = PBXReferenceProxy;
			fileType = wrapper.framework;
			path = ChartsRealm.framework;
			remoteRef = 22EB3B231E2AA86A0079C34C /* PBXContainerItemProxy */;
			sourceTree = BUILT_PRODUCTS_DIR;
		};
		22EB3B261E2AA86A0079C34C /* ChartsTests.xctest */ = {
			isa = PBXReferenceProxy;
			fileType = wrapper.cfbundle;
			path = ChartsTests.xctest;
			remoteRef = 22EB3B251E2AA86A0079C34C /* PBXContainerItemProxy */;
			sourceTree = BUILT_PRODUCTS_DIR;
		};
/* End PBXReferenceProxy section */

/* Begin PBXResourcesBuildPhase section */
		22EB3AD01E29F02D0079C34C /* Resources */ = {
			isa = PBXResourcesBuildPhase;
			buildActionMask = 2147483647;
			files = (
				22EB3B3C1E2AC5FC0079C34C /* Cabin-BoldItalic.otf in Resources */,
				22EB3B3B1E2AC5FC0079C34C /* Cabin-Italic.otf in Resources */,
				22EB3AE01E29F02D0079C34C /* LaunchScreen.storyboard in Resources */,
				22EB3B371E2AC5FC0079C34C /* Cabin-SemiBold.otf in Resources */,
				22EB3B3A1E2AC5FC0079C34C /* Cabin-Medium.otf in Resources */,
				22EB3B381E2AC5FC0079C34C /* Cabin-Regular.otf in Resources */,
				22EB3B391E2AC5FC0079C34C /* Cabin-MediumItalic.otf in Resources */,
				22EB3ADD1E29F02D0079C34C /* Assets.xcassets in Resources */,
				22EB3B361E2AC5FC0079C34C /* Cabin-SemiBoldItalic.otf in Resources */,
				22EB3ADB1E29F02D0079C34C /* Main.storyboard in Resources */,
				22EB3B3D1E2AC5FC0079C34C /* Cabin-Bold.otf in Resources */,
			);
			runOnlyForDeploymentPostprocessing = 0;
		};
		22EB3AE41E29F02D0079C34C /* Resources */ = {
			isa = PBXResourcesBuildPhase;
			buildActionMask = 2147483647;
			files = (
			);
			runOnlyForDeploymentPostprocessing = 0;
		};
		22EB3AEF1E29F02D0079C34C /* Resources */ = {
			isa = PBXResourcesBuildPhase;
			buildActionMask = 2147483647;
			files = (
			);
			runOnlyForDeploymentPostprocessing = 0;
		};
/* End PBXResourcesBuildPhase section */

/* Begin PBXSourcesBuildPhase section */
		22EB3ACE1E29F02D0079C34C /* Sources */ = {
			isa = PBXSourcesBuildPhase;
			buildActionMask = 2147483647;
			files = (
				22EB3B061E29FF010079C34C /* CalendarViewController.swift in Sources */,
				22EB3AD81E29F02D0079C34C /* ViewController.swift in Sources */,
				22EB3B431E2AE3950079C34C /* File.swift in Sources */,
				22EB3B1B1E2A94B10079C34C /* BarChartFormatter.swift in Sources */,
				22EB3AD61E29F02D0079C34C /* AppDelegate.swift in Sources */,
				22EB3B041E29FEEB0079C34C /* HomeViewController.swift in Sources */,
				22EB3B2A1E2ABB980079C34C /* MoodViewController.swift in Sources */,
			);
			runOnlyForDeploymentPostprocessing = 0;
		};
		22EB3AE21E29F02D0079C34C /* Sources */ = {
			isa = PBXSourcesBuildPhase;
			buildActionMask = 2147483647;
			files = (
				22EB3AEB1E29F02D0079C34C /* HapQTests.swift in Sources */,
			);
			runOnlyForDeploymentPostprocessing = 0;
		};
		22EB3AED1E29F02D0079C34C /* Sources */ = {
			isa = PBXSourcesBuildPhase;
			buildActionMask = 2147483647;
			files = (
				22EB3AF61E29F02D0079C34C /* HapQUITests.swift in Sources */,
			);
			runOnlyForDeploymentPostprocessing = 0;
		};
/* End PBXSourcesBuildPhase section */

/* Begin PBXTargetDependency section */
		22EB3AE81E29F02D0079C34C /* PBXTargetDependency */ = {
			isa = PBXTargetDependency;
			target = 22EB3AD11E29F02D0079C34C /* HapQ */;
			targetProxy = 22EB3AE71E29F02D0079C34C /* PBXContainerItemProxy */;
		};
		22EB3AF31E29F02D0079C34C /* PBXTargetDependency */ = {
			isa = PBXTargetDependency;
			target = 22EB3AD11E29F02D0079C34C /* HapQ */;
			targetProxy = 22EB3AF21E29F02D0079C34C /* PBXContainerItemProxy */;
		};
/* End PBXTargetDependency section */

/* Begin PBXVariantGroup section */
		22EB3AD91E29F02D0079C34C /* Main.storyboard */ = {
			isa = PBXVariantGroup;
			children = (
				22EB3ADA1E29F02D0079C34C /* Base */,
			);
			name = Main.storyboard;
			sourceTree = "<group>";
		};
		22EB3ADE1E29F02D0079C34C /* LaunchScreen.storyboard */ = {
			isa = PBXVariantGroup;
			children = (
				22EB3ADF1E29F02D0079C34C /* Base */,
			);
			name = LaunchScreen.storyboard;
			sourceTree = "<group>";
		};
/* End PBXVariantGroup section */

/* Begin XCBuildConfiguration section */
		22EB3AF81E29F02D0079C34C /* Debug */ = {
			isa = XCBuildConfiguration;
			buildSettings = {
				ALWAYS_SEARCH_USER_PATHS = NO;
				CLANG_ANALYZER_NONNULL = YES;
				CLANG_CXX_LANGUAGE_STANDARD = "gnu++0x";
				CLANG_CXX_LIBRARY = "libc++";
				CLANG_ENABLE_MODULES = YES;
				CLANG_ENABLE_OBJC_ARC = YES;
				CLANG_WARN_BOOL_CONVERSION = YES;
				CLANG_WARN_CONSTANT_CONVERSION = YES;
				CLANG_WARN_DIRECT_OBJC_ISA_USAGE = YES_ERROR;
				CLANG_WARN_DOCUMENTATION_COMMENTS = YES;
				CLANG_WARN_EMPTY_BODY = YES;
				CLANG_WARN_ENUM_CONVERSION = YES;
				CLANG_WARN_INFINITE_RECURSION = YES;
				CLANG_WARN_INT_CONVERSION = YES;
				CLANG_WARN_OBJC_ROOT_CLASS = YES_ERROR;
				CLANG_WARN_SUSPICIOUS_MOVE = YES;
				CLANG_WARN_UNREACHABLE_CODE = YES;
				CLANG_WARN__DUPLICATE_METHOD_MATCH = YES;
				"CODE_SIGN_IDENTITY[sdk=iphoneos*]" = "iPhone Developer";
				COPY_PHASE_STRIP = NO;
				DEBUG_INFORMATION_FORMAT = dwarf;
				ENABLE_STRICT_OBJC_MSGSEND = YES;
				ENABLE_TESTABILITY = YES;
				GCC_C_LANGUAGE_STANDARD = gnu99;
				GCC_DYNAMIC_NO_PIC = NO;
				GCC_NO_COMMON_BLOCKS = YES;
				GCC_OPTIMIZATION_LEVEL = 0;
				GCC_PREPROCESSOR_DEFINITIONS = (
					"DEBUG=1",
					"$(inherited)",
				);
				GCC_WARN_64_TO_32_BIT_CONVERSION = YES;
				GCC_WARN_ABOUT_RETURN_TYPE = YES_ERROR;
				GCC_WARN_UNDECLARED_SELECTOR = YES;
				GCC_WARN_UNINITIALIZED_AUTOS = YES_AGGRESSIVE;
				GCC_WARN_UNUSED_FUNCTION = YES;
				GCC_WARN_UNUSED_VARIABLE = YES;
				IPHONEOS_DEPLOYMENT_TARGET = 10.2;
				MTL_ENABLE_DEBUG_INFO = YES;
				ONLY_ACTIVE_ARCH = YES;
				SDKROOT = iphoneos;
				SWIFT_ACTIVE_COMPILATION_CONDITIONS = DEBUG;
				SWIFT_OPTIMIZATION_LEVEL = "-Onone";
			};
			name = Debug;
		};
		22EB3AF91E29F02D0079C34C /* Release */ = {
			isa = XCBuildConfiguration;
			buildSettings = {
				ALWAYS_SEARCH_USER_PATHS = NO;
				CLANG_ANALYZER_NONNULL = YES;
				CLANG_CXX_LANGUAGE_STANDARD = "gnu++0x";
				CLANG_CXX_LIBRARY = "libc++";
				CLANG_ENABLE_MODULES = YES;
				CLANG_ENABLE_OBJC_ARC = YES;
				CLANG_WARN_BOOL_CONVERSION = YES;
				CLANG_WARN_CONSTANT_CONVERSION = YES;
				CLANG_WARN_DIRECT_OBJC_ISA_USAGE = YES_ERROR;
				CLANG_WARN_DOCUMENTATION_COMMENTS = YES;
				CLANG_WARN_EMPTY_BODY = YES;
				CLANG_WARN_ENUM_CONVERSION = YES;
				CLANG_WARN_INFINITE_RECURSION = YES;
				CLANG_WARN_INT_CONVERSION = YES;
				CLANG_WARN_OBJC_ROOT_CLASS = YES_ERROR;
				CLANG_WARN_SUSPICIOUS_MOVE = YES;
				CLANG_WARN_UNREACHABLE_CODE = YES;
				CLANG_WARN__DUPLICATE_METHOD_MATCH = YES;
				"CODE_SIGN_IDENTITY[sdk=iphoneos*]" = "iPhone Developer";
				COPY_PHASE_STRIP = NO;
				DEBUG_INFORMATION_FORMAT = "dwarf-with-dsym";
				ENABLE_NS_ASSERTIONS = NO;
				ENABLE_STRICT_OBJC_MSGSEND = YES;
				GCC_C_LANGUAGE_STANDARD = gnu99;
				GCC_NO_COMMON_BLOCKS = YES;
				GCC_WARN_64_TO_32_BIT_CONVERSION = YES;
				GCC_WARN_ABOUT_RETURN_TYPE = YES_ERROR;
				GCC_WARN_UNDECLARED_SELECTOR = YES;
				GCC_WARN_UNINITIALIZED_AUTOS = YES_AGGRESSIVE;
				GCC_WARN_UNUSED_FUNCTION = YES;
				GCC_WARN_UNUSED_VARIABLE = YES;
				IPHONEOS_DEPLOYMENT_TARGET = 10.2;
				MTL_ENABLE_DEBUG_INFO = NO;
				SDKROOT = iphoneos;
				SWIFT_OPTIMIZATION_LEVEL = "-Owholemodule";
				VALIDATE_PRODUCT = YES;
			};
			name = Release;
		};
		22EB3AFB1E29F02D0079C34C /* Debug */ = {
			isa = XCBuildConfiguration;
			buildSettings = {
				ALWAYS_EMBED_SWIFT_STANDARD_LIBRARIES = YES;
				ASSETCATALOG_COMPILER_APPICON_NAME = AppIcon;
				INFOPLIST_FILE = HapQ/Info.plist;
				LD_RUNPATH_SEARCH_PATHS = "$(inherited) @executable_path/Frameworks";
				PRODUCT_BUNDLE_IDENTIFIER = com.samwang.HapQ;
				PRODUCT_NAME = "$(TARGET_NAME)";
				SWIFT_VERSION = 3.0;
			};
			name = Debug;
		};
		22EB3AFC1E29F02D0079C34C /* Release */ = {
			isa = XCBuildConfiguration;
			buildSettings = {
				ALWAYS_EMBED_SWIFT_STANDARD_LIBRARIES = YES;
				ASSETCATALOG_COMPILER_APPICON_NAME = AppIcon;
				INFOPLIST_FILE = HapQ/Info.plist;
				LD_RUNPATH_SEARCH_PATHS = "$(inherited) @executable_path/Frameworks";
				PRODUCT_BUNDLE_IDENTIFIER = com.samwang.HapQ;
				PRODUCT_NAME = "$(TARGET_NAME)";
				SWIFT_VERSION = 3.0;
			};
			name = Release;
		};
		22EB3AFE1E29F02D0079C34C /* Debug */ = {
			isa = XCBuildConfiguration;
			buildSettings = {
				ALWAYS_EMBED_SWIFT_STANDARD_LIBRARIES = YES;
				BUNDLE_LOADER = "$(TEST_HOST)";
				INFOPLIST_FILE = HapQTests/Info.plist;
				LD_RUNPATH_SEARCH_PATHS = "$(inherited) @executable_path/Frameworks @loader_path/Frameworks";
				PRODUCT_BUNDLE_IDENTIFIER = com.samwang.HapQTests;
				PRODUCT_NAME = "$(TARGET_NAME)";
				SWIFT_VERSION = 3.0;
				TEST_HOST = "$(BUILT_PRODUCTS_DIR)/HapQ.app/HapQ";
			};
			name = Debug;
		};
		22EB3AFF1E29F02D0079C34C /* Release */ = {
			isa = XCBuildConfiguration;
			buildSettings = {
				ALWAYS_EMBED_SWIFT_STANDARD_LIBRARIES = YES;
				BUNDLE_LOADER = "$(TEST_HOST)";
				INFOPLIST_FILE = HapQTests/Info.plist;
				LD_RUNPATH_SEARCH_PATHS = "$(inherited) @executable_path/Frameworks @loader_path/Frameworks";
				PRODUCT_BUNDLE_IDENTIFIER = com.samwang.HapQTests;
				PRODUCT_NAME = "$(TARGET_NAME)";
				SWIFT_VERSION = 3.0;
				TEST_HOST = "$(BUILT_PRODUCTS_DIR)/HapQ.app/HapQ";
			};
			name = Release;
		};
		22EB3B011E29F02D0079C34C /* Debug */ = {
			isa = XCBuildConfiguration;
			buildSettings = {
				ALWAYS_EMBED_SWIFT_STANDARD_LIBRARIES = YES;
				INFOPLIST_FILE = HapQUITests/Info.plist;
				LD_RUNPATH_SEARCH_PATHS = "$(inherited) @executable_path/Frameworks @loader_path/Frameworks";
				PRODUCT_BUNDLE_IDENTIFIER = com.samwang.HapQUITests;
				PRODUCT_NAME = "$(TARGET_NAME)";
				SWIFT_VERSION = 3.0;
				TEST_TARGET_NAME = HapQ;
			};
			name = Debug;
		};
		22EB3B021E29F02D0079C34C /* Release */ = {
			isa = XCBuildConfiguration;
			buildSettings = {
				ALWAYS_EMBED_SWIFT_STANDARD_LIBRARIES = YES;
				INFOPLIST_FILE = HapQUITests/Info.plist;
				LD_RUNPATH_SEARCH_PATHS = "$(inherited) @executable_path/Frameworks @loader_path/Frameworks";
				PRODUCT_BUNDLE_IDENTIFIER = com.samwang.HapQUITests;
				PRODUCT_NAME = "$(TARGET_NAME)";
				SWIFT_VERSION = 3.0;
				TEST_TARGET_NAME = HapQ;
			};
			name = Release;
		};
/* End XCBuildConfiguration section */

/* Begin XCConfigurationList section */
		22EB3ACD1E29F02D0079C34C /* Build configuration list for PBXProject "HapQ" */ = {
			isa = XCConfigurationList;
			buildConfigurations = (
				22EB3AF81E29F02D0079C34C /* Debug */,
				22EB3AF91E29F02D0079C34C /* Release */,
			);
			defaultConfigurationIsVisible = 0;
			defaultConfigurationName = Release;
		};
		22EB3AFA1E29F02D0079C34C /* Build configuration list for PBXNativeTarget "HapQ" */ = {
			isa = XCConfigurationList;
			buildConfigurations = (
				22EB3AFB1E29F02D0079C34C /* Debug */,
				22EB3AFC1E29F02D0079C34C /* Release */,
			);
			defaultConfigurationIsVisible = 0;
			defaultConfigurationName = Release;
		};
		22EB3AFD1E29F02D0079C34C /* Build configuration list for PBXNativeTarget "HapQTests" */ = {
			isa = XCConfigurationList;
			buildConfigurations = (
				22EB3AFE1E29F02D0079C34C /* Debug */,
				22EB3AFF1E29F02D0079C34C /* Release */,
			);
			defaultConfigurationIsVisible = 0;
			defaultConfigurationName = Release;
		};
		22EB3B001E29F02D0079C34C /* Build configuration list for PBXNativeTarget "HapQUITests" */ = {
			isa = XCConfigurationList;
			buildConfigurations = (
				22EB3B011E29F02D0079C34C /* Debug */,
				22EB3B021E29F02D0079C34C /* Release */,
			);
			defaultConfigurationIsVisible = 0;
			defaultConfigurationName = Release;
		};
/* End XCConfigurationList section */
	};
	rootObject = 22EB3ACA1E29F02D0079C34C /* Project object */;
}
